PODS:
  - DBCamera (2.0)
  - Facebook-iOS-SDK (3.13.1)
  - JTSImageViewController (1.1.1)
  - Parse-iOS-SDK (1.2.19):
    - Facebook-iOS-SDK (~> 3.7)
  - SDWebImage (3.6):
    - SDWebImage/Core
  - SDWebImage/Core (3.6)
  - SVProgressHUD (1.0)

DEPENDENCIES:
  - DBCamera (from `https://github.com/danielebogo/DBCamera.git`, tag `2.0`)
  - JTSImageViewController
  - Parse-iOS-SDK
  - SDWebImage
  - SVProgressHUD

EXTERNAL SOURCES:
  DBCamera:
    :git: https://github.com/danielebogo/DBCamera.git
    :tag: 2.0

SPEC CHECKSUMS:
  DBCamera: 92d3ca3646d27a6784af95dfbc72539e1ea296fc
  Facebook-iOS-SDK: 47ae9e54684c84f93d75d4e6ab47cd031abdf406
  JTSImageViewController: adabb94f1fe52b22cef2b3b0fe803f47d1cea889
  Parse-iOS-SDK: 48e366fb9a8956c4e50d93cfd16243176938fae1
  SDWebImage: 7eb273e54ca8a2e506ad9bd5e80c35b2a4d7c95e
  SVProgressHUD: 5e10939a296debf5fe5a5895eda9539b8b2114f1

COCOAPODS: 0.32.1
